
Microsoft Visual Studio Solution File, Format Version 12.00
# Visual Studio Version 17
VisualStudioVersion = 17.0.31903.59
MinimumVisualStudioVersion = 10.0.40219.1
Project("{FAE04EC0-301F-11D3-BF4B-00C04F79EFBC}") = "NeoSystems.TimeUtils.Tests", "NeoSystems.TimeUtils.Tests\NeoSystems.TimeUtils.Tests.csproj", "{68200CD9-F239-4938-9908-886A8B891F7C}"
EndProject
Project("{FAE04EC0-301F-11D3-BF4B-00C04F79EFBC}") = "NeoSystems.TimeUtils", "NeoSystems.TimeUtils\NeoSystems.TimeUtils.csproj", "{887EABD3-0718-40F8-964C-2E0D670EFE1E}"
EndProject
Global
	GlobalSection(SolutionConfigurationPlatforms) = preSolution
		Debug|Any CPU = Debug|Any CPU
		Release|Any CPU = Release|Any CPU
	EndGlobalSection
	GlobalSection(SolutionProperties) = preSolution
		HideSolutionNode = FALSE
	EndGlobalSection
	GlobalSection(ProjectConfigurationPlatforms) = postSolution
		{68200CD9-F239-4938-9908-886A8B891F7C}.Debug|Any CPU.ActiveCfg = Debug|Any CPU
		{68200CD9-F239-4938-9908-886A8B891F7C}.Debug|Any CPU.Build.0 = Debug|Any CPU
		{68200CD9-F239-4938-9908-886A8B891F7C}.Release|Any CPU.ActiveCfg = Release|Any CPU
		{68200CD9-F239-4938-9908-886A8B891F7C}.Release|Any CPU.Build.0 = Release|Any CPU
		{887EABD3-0718-40F8-964C-2E0D670EFE1E}.Debug|Any CPU.ActiveCfg = Debug|Any CPU
		{887EABD3-0718-40F8-964C-2E0D670EFE1E}.Debug|Any CPU.Build.0 = Debug|Any CPU
		{887EABD3-0718-40F8-964C-2E0D670EFE1E}.Release|Any CPU.ActiveCfg = Release|Any CPU
		{887EABD3-0718-40F8-964C-2E0D670EFE1E}.Release|Any CPU.Build.0 = Release|Any CPU
	EndGlobalSection
EndGlobal
